
Microsoft Visual Studio Solution File, Format Version 12.00
# Visual Studio Version 17
VisualStudioVersion = 17.3.32901.215
MinimumVisualStudioVersion = 10.0.40219.1
Project("{FAE04EC0-301F-11D3-BF4B-00C04F79EFBC}") = "Kutle Indexi", "Kutle Indexi\Kutle Indexi.csproj", "{BA1E13D3-0284-43EF-89D1-EEC478A49CA1}"
EndProject
Global
	GlobalSection(SolutionConfigurationPlatforms) = preSolution
		Debug|Any CPU = Debug|Any CPU
		Release|Any CPU = Release|Any CPU
	EndGlobalSection
	GlobalSection(ProjectConfigurationPlatforms) = postSolution
		{BA1E13D3-0284-43EF-89D1-EEC478A49CA1}.Debug|Any CPU.ActiveCfg = Debug|Any CPU
		{BA1E13D3-0284-43EF-89D1-EEC478A49CA1}.Debug|Any CPU.Build.0 = Debug|Any CPU
		{BA1E13D3-0284-43EF-89D1-EEC478A49CA1}.Release|Any CPU.ActiveCfg = Release|Any CPU
		{BA1E13D3-0284-43EF-89D1-EEC478A49CA1}.Release|Any CPU.Build.0 = Release|Any CPU
	EndGlobalSection
	GlobalSection(SolutionProperties) = preSolution
		HideSolutionNode = FALSE
	EndGlobalSection
	GlobalSection(ExtensibilityGlobals) = postSolution
		SolutionGuid = {24BEEABA-97D3-42F7-9E9B-2D2F84C5E329}
	EndGlobalSection
EndGlobal
